{
  "name": "vue-social-share",
  "version": "0.0.3",
  "lockfileVersion": 1,
  "requires": true,
  "dependencies": {
    "de-indent": {
      "version": "1.0.2",
      "resolved": "https://registry.npm.taobao.org/de-indent/download/de-indent-1.0.2.tgz",
      "integrity": "sha1-sgOOhG3DO6pXlhKNCAS0VbjB4h0=",
      "dev": true
    },
    "he": {
      "version": "1.2.0",
      "resolved": "https://registry.npm.taobao.org/he/download/he-1.2.0.tgz",
      "integrity": "sha1-hK5l+n6vsWX922FWauFLrwVmTw8=",
      "dev": true
    },
    "social-share.js": {
      "version": "1.0.16",
      "resolved": "https://registry.npm.taobao.org/social-share.js/download/social-share.js-1.0.16.tgz",
      "integrity": "sha1-H9SpHEbIxoNWcPEUcuyy4pMhUxA="
    },
    "vue": {
      "version": "2.6.10",
      "resolved": "https://registry.npm.taobao.org/vue/download/vue-2.6.10.tgz",
      "integrity": "sha1-pysaQqTYKnIepDjRtr9V5mGVxjc=",
      "dev": true
    },
    "vue-github-badge": {
      "version": "1.0.1",
      "resolved": "https://registry.npm.taobao.org/vue-github-badge/download/vue-github-badge-1.0.1.tgz",
      "integrity": "sha1-3/fOBzIOZKIY7fEGsVpDF27AYQY=",
      "dev": true
    },
    "vue-template-compiler": {
      "version": "2.6.10",
      "resolved": "https://registry.npm.taobao.org/vue-template-compiler/download/vue-template-compiler-2.6.10.tgz",
      "integrity": "sha1-MjtPNJXwT6o1AzN6gvXWUHeZycw=",
      "dev": true,
      "requires": {
        "de-indent": "^1.0.2",
        "he": "^1.1.0"
      }
    }
  }
}
